
Microsoft Visual Studio Solution File, Format Version 12.00
# Visual Studio 15
VisualStudioVersion = 15.0.26621.2
MinimumVisualStudioVersion = 10.0.40219.1
Project("{FAE04EC0-301F-11D3-BF4B-00C04F79EFBC}") = "TK2017MTAADv2", "TK2017MTAADv2\TK2017MTAADv2.csproj", "{B39F0896-C89D-4014-8404-335F603751B3}"
EndProject
Global
	GlobalSection(SolutionConfigurationPlatforms) = preSolution
		Debug|Any CPU = Debug|Any CPU
		Release|Any CPU = Release|Any CPU
	EndGlobalSection
	GlobalSection(ProjectConfigurationPlatforms) = postSolution
		{B39F0896-C89D-4014-8404-335F603751B3}.Debug|Any CPU.ActiveCfg = Debug|Any CPU
		{B39F0896-C89D-4014-8404-335F603751B3}.Debug|Any CPU.Build.0 = Debug|Any CPU
		{B39F0896-C89D-4014-8404-335F603751B3}.Release|Any CPU.ActiveCfg = Release|Any CPU
		{B39F0896-C89D-4014-8404-335F603751B3}.Release|Any CPU.Build.0 = Release|Any CPU
	EndGlobalSection
	GlobalSection(SolutionProperties) = preSolution
		HideSolutionNode = FALSE
	EndGlobalSection
	GlobalSection(ExtensibilityGlobals) = postSolution
		SolutionGuid = {749D1FCE-38AD-4029-80A4-9EB611FD9DF3}
	EndGlobalSection
EndGlobal
